{
  "pins" : [
    {
      "identity" : "mediapipe",
      "kind" : "remoteSourceControl",
      "location" : "https://github.com/google-ai-edge/mediapipe.git",
      "state" : {
        "revision" : "821db8a4428baf58bf4c09a0330c937e6e0a3753"
      }
    },
    {
      "identity" : "onnxruntime-swift-package-manager",
      "kind" : "remoteSourceControl",
      "location" : "https://github.com/microsoft/onnxruntime-swift-package-manager.git",
      "state" : {
        "revision" : "b7fb7f7dea8a2469e6335d95a61b8f36d0dc83b2"
      }
    }
  ],
  "version" : 2
}
